
Microsoft Visual Studio Solution File, Format Version 12.00
Project("{FAE04EC0-301F-11D3-BF4B-00C04F79EFBC}") = "PLINQDemo1", "PLINQDemo1\PLINQDemo1.csproj", "{9F6BAFAD-36DC-47F6-AF2E-375E022CBDA9}"
EndProject
Project("{FAE04EC0-301F-11D3-BF4B-00C04F79EFBC}") = "PLINQDemo2", "PLINQDemo2\PLINQDemo2.csproj", "{41D9CDB7-2C31-456F-93F2-D381B75BF9DC}"
EndProject
Project("{FAE04EC0-301F-11D3-BF4B-00C04F79EFBC}") = "TaskDemo1", "TaskDemo1\TaskDemo1.csproj", "{395C6309-BC6E-4798-8BDB-B147A686B14A}"
EndProject
Project("{FAE04EC0-301F-11D3-BF4B-00C04F79EFBC}") = "TaskDemo2", "TaskDemo2\TaskDemo2.csproj", "{3860FB6D-3422-4EB2-8116-C2DED9EFC4A0}"
EndProject
Project("{FAE04EC0-301F-11D3-BF4B-00C04F79EFBC}") = "TaskDemo3", "TaskDemo3\TaskDemo3.csproj", "{C3290B6E-FB04-4918-8C11-DE1DCEC18C9F}"
EndProject
Project("{FAE04EC0-301F-11D3-BF4B-00C04F79EFBC}") = "TaskDemo4", "TaskDemo4\TaskDemo4.csproj", "{D1A4D778-4891-458C-8095-7D082EF7C93A}"
EndProject
Project("{FAE04EC0-301F-11D3-BF4B-00C04F79EFBC}") = "AsyncDemo1", "AsyncDemo1\AsyncDemo1.csproj", "{C2E6567F-AEA5-42A3-9EB0-6E9A2BD3B34C}"
EndProject
Project("{FAE04EC0-301F-11D3-BF4B-00C04F79EFBC}") = "AsyncDemo2", "AsyncDemo2\AsyncDemo2.csproj", "{ED95CF10-4794-4CA9-B017-51FEDC8EBD86}"
EndProject
Project("{FAE04EC0-301F-11D3-BF4B-00C04F79EFBC}") = "AsyncDemo3", "AsyncDemo3\AsyncDemo3.csproj", "{33F9D316-136E-45DD-8C59-C5306B6F6E7E}"
EndProject
Global
	GlobalSection(SolutionConfigurationPlatforms) = preSolution
		Debug|Any CPU = Debug|Any CPU
		Release|Any CPU = Release|Any CPU
	EndGlobalSection
	GlobalSection(ProjectConfigurationPlatforms) = postSolution
		{9F6BAFAD-36DC-47F6-AF2E-375E022CBDA9}.Debug|Any CPU.ActiveCfg = Debug|Any CPU
		{9F6BAFAD-36DC-47F6-AF2E-375E022CBDA9}.Debug|Any CPU.Build.0 = Debug|Any CPU
		{9F6BAFAD-36DC-47F6-AF2E-375E022CBDA9}.Release|Any CPU.ActiveCfg = Release|Any CPU
		{9F6BAFAD-36DC-47F6-AF2E-375E022CBDA9}.Release|Any CPU.Build.0 = Release|Any CPU
		{41D9CDB7-2C31-456F-93F2-D381B75BF9DC}.Debug|Any CPU.ActiveCfg = Debug|Any CPU
		{41D9CDB7-2C31-456F-93F2-D381B75BF9DC}.Debug|Any CPU.Build.0 = Debug|Any CPU
		{41D9CDB7-2C31-456F-93F2-D381B75BF9DC}.Release|Any CPU.ActiveCfg = Release|Any CPU
		{41D9CDB7-2C31-456F-93F2-D381B75BF9DC}.Release|Any CPU.Build.0 = Release|Any CPU
		{395C6309-BC6E-4798-8BDB-B147A686B14A}.Debug|Any CPU.ActiveCfg = Debug|Any CPU
		{395C6309-BC6E-4798-8BDB-B147A686B14A}.Debug|Any CPU.Build.0 = Debug|Any CPU
		{395C6309-BC6E-4798-8BDB-B147A686B14A}.Release|Any CPU.ActiveCfg = Release|Any CPU
		{395C6309-BC6E-4798-8BDB-B147A686B14A}.Release|Any CPU.Build.0 = Release|Any CPU
		{3860FB6D-3422-4EB2-8116-C2DED9EFC4A0}.Debug|Any CPU.ActiveCfg = Debug|Any CPU
		{3860FB6D-3422-4EB2-8116-C2DED9EFC4A0}.Debug|Any CPU.Build.0 = Debug|Any CPU
		{3860FB6D-3422-4EB2-8116-C2DED9EFC4A0}.Release|Any CPU.ActiveCfg = Release|Any CPU
		{3860FB6D-3422-4EB2-8116-C2DED9EFC4A0}.Release|Any CPU.Build.0 = Release|Any CPU
		{C3290B6E-FB04-4918-8C11-DE1DCEC18C9F}.Debug|Any CPU.ActiveCfg = Debug|Any CPU
		{C3290B6E-FB04-4918-8C11-DE1DCEC18C9F}.Debug|Any CPU.Build.0 = Debug|Any CPU
		{C3290B6E-FB04-4918-8C11-DE1DCEC18C9F}.Release|Any CPU.ActiveCfg = Release|Any CPU
		{C3290B6E-FB04-4918-8C11-DE1DCEC18C9F}.Release|Any CPU.Build.0 = Release|Any CPU
		{D1A4D778-4891-458C-8095-7D082EF7C93A}.Debug|Any CPU.ActiveCfg = Debug|Any CPU
		{D1A4D778-4891-458C-8095-7D082EF7C93A}.Debug|Any CPU.Build.0 = Debug|Any CPU
		{D1A4D778-4891-458C-8095-7D082EF7C93A}.Release|Any CPU.ActiveCfg = Release|Any CPU
		{D1A4D778-4891-458C-8095-7D082EF7C93A}.Release|Any CPU.Build.0 = Release|Any CPU
		{C2E6567F-AEA5-42A3-9EB0-6E9A2BD3B34C}.Debug|Any CPU.ActiveCfg = Debug|Any CPU
		{C2E6567F-AEA5-42A3-9EB0-6E9A2BD3B34C}.Debug|Any CPU.Build.0 = Debug|Any CPU
		{C2E6567F-AEA5-42A3-9EB0-6E9A2BD3B34C}.Release|Any CPU.ActiveCfg = Release|Any CPU
		{C2E6567F-AEA5-42A3-9EB0-6E9A2BD3B34C}.Release|Any CPU.Build.0 = Release|Any CPU
		{ED95CF10-4794-4CA9-B017-51FEDC8EBD86}.Debug|Any CPU.ActiveCfg = Debug|Any CPU
		{ED95CF10-4794-4CA9-B017-51FEDC8EBD86}.Debug|Any CPU.Build.0 = Debug|Any CPU
		{ED95CF10-4794-4CA9-B017-51FEDC8EBD86}.Release|Any CPU.ActiveCfg = Release|Any CPU
		{ED95CF10-4794-4CA9-B017-51FEDC8EBD86}.Release|Any CPU.Build.0 = Release|Any CPU
		{33F9D316-136E-45DD-8C59-C5306B6F6E7E}.Debug|Any CPU.ActiveCfg = Debug|Any CPU
		{33F9D316-136E-45DD-8C59-C5306B6F6E7E}.Debug|Any CPU.Build.0 = Debug|Any CPU
		{33F9D316-136E-45DD-8C59-C5306B6F6E7E}.Release|Any CPU.ActiveCfg = Release|Any CPU
		{33F9D316-136E-45DD-8C59-C5306B6F6E7E}.Release|Any CPU.Build.0 = Release|Any CPU
	EndGlobalSection
EndGlobal
