
Microsoft Visual Studio Solution File, Format Version 12.00
Project("{FAE04EC0-301F-11D3-BF4B-00C04F79EFBC}") = "TravelDataAccess", "TravelDataAccess\TravelDataAccess.csproj", "{595DA342-D3FB-4444-A672-8C05C5E92729}"
EndProject
Project("{FAE04EC0-301F-11D3-BF4B-00C04F79EFBC}") = "TravelManagementApp", "TravelManagementApp\TravelManagementApp.csproj", "{3B258EB9-9761-4A7C-AC31-90B79D26ACE2}"
EndProject
Global
	GlobalSection(SolutionConfigurationPlatforms) = preSolution
		Debug|Any CPU = Debug|Any CPU
		Release|Any CPU = Release|Any CPU
	EndGlobalSection
	GlobalSection(ProjectConfigurationPlatforms) = postSolution
		{595DA342-D3FB-4444-A672-8C05C5E92729}.Debug|Any CPU.ActiveCfg = Debug|Any CPU
		{595DA342-D3FB-4444-A672-8C05C5E92729}.Debug|Any CPU.Build.0 = Debug|Any CPU
		{595DA342-D3FB-4444-A672-8C05C5E92729}.Release|Any CPU.ActiveCfg = Release|Any CPU
		{595DA342-D3FB-4444-A672-8C05C5E92729}.Release|Any CPU.Build.0 = Release|Any CPU
		{3B258EB9-9761-4A7C-AC31-90B79D26ACE2}.Debug|Any CPU.ActiveCfg = Debug|Any CPU
		{3B258EB9-9761-4A7C-AC31-90B79D26ACE2}.Debug|Any CPU.Build.0 = Debug|Any CPU
		{3B258EB9-9761-4A7C-AC31-90B79D26ACE2}.Release|Any CPU.ActiveCfg = Release|Any CPU
		{3B258EB9-9761-4A7C-AC31-90B79D26ACE2}.Release|Any CPU.Build.0 = Release|Any CPU
	EndGlobalSection
EndGlobal
