
Microsoft Visual Studio Solution File, Format Version 12.00
Project("{FAE04EC0-301F-11D3-BF4B-00C04F79EFBC}") = "DemoWorkerService01", "DemoWorkerService01\DemoWorkerService01.csproj", "{69F131A7-91B4-4066-B9A4-5CF283198788}"
EndProject
Project("{FAE04EC0-301F-11D3-BF4B-00C04F79EFBC}") = "ExchangeRateService", "ExchangeRateService\ExchangeRateService.csproj", "{98209B5C-FCA1-4DDA-A5D9-4D6BFC9A0A16}"
EndProject
Global
	GlobalSection(SolutionConfigurationPlatforms) = preSolution
		Debug|Any CPU = Debug|Any CPU
		Release|Any CPU = Release|Any CPU
	EndGlobalSection
	GlobalSection(ProjectConfigurationPlatforms) = postSolution
		{69F131A7-91B4-4066-B9A4-5CF283198788}.Debug|Any CPU.ActiveCfg = Debug|Any CPU
		{69F131A7-91B4-4066-B9A4-5CF283198788}.Debug|Any CPU.Build.0 = Debug|Any CPU
		{69F131A7-91B4-4066-B9A4-5CF283198788}.Release|Any CPU.ActiveCfg = Release|Any CPU
		{69F131A7-91B4-4066-B9A4-5CF283198788}.Release|Any CPU.Build.0 = Release|Any CPU
		{98209B5C-FCA1-4DDA-A5D9-4D6BFC9A0A16}.Debug|Any CPU.ActiveCfg = Debug|Any CPU
		{98209B5C-FCA1-4DDA-A5D9-4D6BFC9A0A16}.Debug|Any CPU.Build.0 = Debug|Any CPU
		{98209B5C-FCA1-4DDA-A5D9-4D6BFC9A0A16}.Release|Any CPU.ActiveCfg = Release|Any CPU
		{98209B5C-FCA1-4DDA-A5D9-4D6BFC9A0A16}.Release|Any CPU.Build.0 = Release|Any CPU
	EndGlobalSection
EndGlobal
